
Microsoft Visual Studio Solution File, Format Version 12.00
# Visual Studio 15
VisualStudioVersion = 15.0.26730.16
MinimumVisualStudioVersion = 10.0.40219.1
Project("{FAE04EC0-301F-11D3-BF4B-00C04F79EFBC}") = "FakingAmazing", "FakingAmazing\FakingAmazing.csproj", "{275292A5-AEB9-496B-B012-07BBA83F3951}"
EndProject
Global
	GlobalSection(SolutionConfigurationPlatforms) = preSolution
		Debug|Any CPU = Debug|Any CPU
		Release|Any CPU = Release|Any CPU
	EndGlobalSection
	GlobalSection(ProjectConfigurationPlatforms) = postSolution
		{275292A5-AEB9-496B-B012-07BBA83F3951}.Debug|Any CPU.ActiveCfg = Debug|Any CPU
		{275292A5-AEB9-496B-B012-07BBA83F3951}.Debug|Any CPU.Build.0 = Debug|Any CPU
		{275292A5-AEB9-496B-B012-07BBA83F3951}.Release|Any CPU.ActiveCfg = Release|Any CPU
		{275292A5-AEB9-496B-B012-07BBA83F3951}.Release|Any CPU.Build.0 = Release|Any CPU
	EndGlobalSection
	GlobalSection(SolutionProperties) = preSolution
		HideSolutionNode = FALSE
	EndGlobalSection
	GlobalSection(ExtensibilityGlobals) = postSolution
		SolutionGuid = {67C56705-C198-427A-AD21-F9F020E46933}
	EndGlobalSection
EndGlobal
